// !$*UTF8*$!
{
	archiveVersion = 1;
	classes = {
	};
	objectVersion = 56;
	objects = {

/* Begin PBXBuildFile section */
		801D27E22AC569070010393D /* Launch Screen.storyboard in Resources */ = {isa = PBXBuildFile; fileRef = 801D27E12AC569070010393D /* Launch Screen.storyboard */; };
		802D5F492AB30F450080160C /* ToDoListApp.swift in Sources */ = {isa = PBXBuildFile; fileRef = 802D5F482AB30F450080160C /* ToDoListApp.swift */; };
		802D5F4B2AB30F450080160C /* MainView.swift in Sources */ = {isa = PBXBuildFile; fileRef = 802D5F4A2AB30F450080160C /* MainView.swift */; };
		802D5F4D2AB30F460080160C /* Assets.xcassets in Resources */ = {isa = PBXBuildFile; fileRef = 802D5F4C2AB30F460080160C /* Assets.xcassets */; };
		802D5F502AB30F460080160C /* Preview Assets.xcassets in Resources */ = {isa = PBXBuildFile; fileRef = 802D5F4F2AB30F460080160C /* Preview Assets.xcassets */; };
		802D5F5A2AB317050080160C /* FirebaseAuth in Frameworks */ = {isa = PBXBuildFile; productRef = 802D5F592AB317050080160C /* FirebaseAuth */; };
		802D5F5C2AB317050080160C /* FirebaseFirestore in Frameworks */ = {isa = PBXBuildFile; productRef = 802D5F5B2AB317050080160C /* FirebaseFirestore */; };
		802D5F5E2AB317050080160C /* FirebaseFirestoreSwift in Frameworks */ = {isa = PBXBuildFile; productRef = 802D5F5D2AB317050080160C /* FirebaseFirestoreSwift */; };
		802D5F682AB424530080160C /* ProfileView.swift in Sources */ = {isa = PBXBuildFile; fileRef = 802D5F672AB424530080160C /* ProfileView.swift */; };
		802D5F6A2AB4248A0080160C /* ToDoListView.swift in Sources */ = {isa = PBXBuildFile; fileRef = 802D5F692AB4248A0080160C /* ToDoListView.swift */; };
		802D5F6C2AB424DD0080160C /* NewItemView.swift in Sources */ = {isa = PBXBuildFile; fileRef = 802D5F6B2AB424DD0080160C /* NewItemView.swift */; };
		802D5F6E2AB424E90080160C /* LoginView.swift in Sources */ = {isa = PBXBuildFile; fileRef = 802D5F6D2AB424E90080160C /* LoginView.swift */; };
		802D5F702AB4252E0080160C /* RegisterView.swift in Sources */ = {isa = PBXBuildFile; fileRef = 802D5F6F2AB4252D0080160C /* RegisterView.swift */; };
		802D5F722AB4256B0080160C /* ToDoListItemView.swift in Sources */ = {isa = PBXBuildFile; fileRef = 802D5F712AB4256B0080160C /* ToDoListItemView.swift */; };
		802D5F742AB426010080160C /* User.swift in Sources */ = {isa = PBXBuildFile; fileRef = 802D5F732AB426010080160C /* User.swift */; };
		802D5F762AB4260C0080160C /* ToDoListItem.swift in Sources */ = {isa = PBXBuildFile; fileRef = 802D5F752AB4260C0080160C /* ToDoListItem.swift */; };
		802D5F782AB4265D0080160C /* MainViewViewModel.swift in Sources */ = {isa = PBXBuildFile; fileRef = 802D5F772AB4265D0080160C /* MainViewViewModel.swift */; };
		802D5F7A2AB426690080160C /* ProfileViewViewModel.swift in Sources */ = {isa = PBXBuildFile; fileRef = 802D5F792AB426690080160C /* ProfileViewViewModel.swift */; };
		802D5F7C2AB426860080160C /* ToDoListViewViewModel.swift in Sources */ = {isa = PBXBuildFile; fileRef = 802D5F7B2AB426860080160C /* ToDoListViewViewModel.swift */; };
		802D5F7E2AB426B40080160C /* NewItemViewViewModel.swift in Sources */ = {isa = PBXBuildFile; fileRef = 802D5F7D2AB426B40080160C /* NewItemViewViewModel.swift */; };
		802D5F802AB426C10080160C /* LoginViewViewModel.swift in Sources */ = {isa = PBXBuildFile; fileRef = 802D5F7F2AB426C10080160C /* LoginViewViewModel.swift */; };
		802D5F822AB426EE0080160C /* RegisterViewViewModel.swift in Sources */ = {isa = PBXBuildFile; fileRef = 802D5F812AB426ED0080160C /* RegisterViewViewModel.swift */; };
		802D5F862AB4B8930080160C /* HeaderView.swift in Sources */ = {isa = PBXBuildFile; fileRef = 802D5F852AB4B8930080160C /* HeaderView.swift */; };
		806FCD432AB61BC100403FAE /* GoogleService-Info.plist in Resources */ = {isa = PBXBuildFile; fileRef = 806FCD422AB61BC000403FAE /* GoogleService-Info.plist */; };
		806FCD452AB620ED00403FAE /* TLButton.swift in Sources */ = {isa = PBXBuildFile; fileRef = 806FCD442AB620ED00403FAE /* TLButton.swift */; };
		806FCD472AB62B8C00403FAE /* Extensions.swift in Sources */ = {isa = PBXBuildFile; fileRef = 806FCD462AB62B8C00403FAE /* Extensions.swift */; };
		806FCD492AB8629900403FAE /* ToDoListItemViewViewModel.swift in Sources */ = {isa = PBXBuildFile; fileRef = 806FCD482AB8629900403FAE /* ToDoListItemViewViewModel.swift */; };
/* End PBXBuildFile section */

/* Begin PBXFileReference section */
		801D27E12AC569070010393D /* Launch Screen.storyboard */ = {isa = PBXFileReference; lastKnownFileType = file.storyboard; path = "Launch Screen.storyboard"; sourceTree = "<group>"; };
		802D5F452AB30F450080160C /* ToDoList.app */ = {isa = PBXFileReference; explicitFileType = wrapper.application; includeInIndex = 0; path = ToDoList.app; sourceTree = BUILT_PRODUCTS_DIR; };
		802D5F482AB30F450080160C /* ToDoListApp.swift */ = {isa = PBXFileReference; lastKnownFileType = sourcecode.swift; path = ToDoListApp.swift; sourceTree = "<group>"; };
		802D5F4A2AB30F450080160C /* MainView.swift */ = {isa = PBXFileReference; lastKnownFileType = sourcecode.swift; path = MainView.swift; sourceTree = "<group>"; };
		802D5F4C2AB30F460080160C /* Assets.xcassets */ = {isa = PBXFileReference; lastKnownFileType = folder.assetcatalog; path = Assets.xcassets; sourceTree = "<group>"; };
		802D5F4F2AB30F460080160C /* Preview Assets.xcassets */ = {isa = PBXFileReference; lastKnownFileType = folder.assetcatalog; path = "Preview Assets.xcassets"; sourceTree = "<group>"; };
		802D5F672AB424530080160C /* ProfileView.swift */ = {isa = PBXFileReference; lastKnownFileType = sourcecode.swift; path = ProfileView.swift; sourceTree = "<group>"; };
		802D5F692AB4248A0080160C /* ToDoListView.swift */ = {isa = PBXFileReference; lastKnownFileType = sourcecode.swift; path = ToDoListView.swift; sourceTree = "<group>"; };
		802D5F6B2AB424DD0080160C /* NewItemView.swift */ = {isa = PBXFileReference; lastKnownFileType = sourcecode.swift; path = NewItemView.swift; sourceTree = "<group>"; };
		802D5F6D2AB424E90080160C /* LoginView.swift */ = {isa = PBXFileReference; lastKnownFileType = sourcecode.swift; path = LoginView.swift; sourceTree = "<group>"; };
		802D5F6F2AB4252D0080160C /* RegisterView.swift */ = {isa = PBXFileReference; lastKnownFileType = sourcecode.swift; path = RegisterView.swift; sourceTree = "<group>"; };
		802D5F712AB4256B0080160C /* ToDoListItemView.swift */ = {isa = PBXFileReference; lastKnownFileType = sourcecode.swift; path = ToDoListItemView.swift; sourceTree = "<group>"; };
		802D5F732AB426010080160C /* User.swift */ = {isa = PBXFileReference; lastKnownFileType = sourcecode.swift; path = User.swift; sourceTree = "<group>"; };
		802D5F752AB4260C0080160C /* ToDoListItem.swift */ = {isa = PBXFileReference; lastKnownFileType = sourcecode.swift; path = ToDoListItem.swift; sourceTree = "<group>"; };
		802D5F772AB4265D0080160C /* MainViewViewModel.swift */ = {isa = PBXFileReference; lastKnownFileType = sourcecode.swift; path = MainViewViewModel.swift; sourceTree = "<group>"; };
		802D5F792AB426690080160C /* ProfileViewViewModel.swift */ = {isa = PBXFileReference; lastKnownFileType = sourcecode.swift; path = ProfileViewViewModel.swift; sourceTree = "<group>"; };
		802D5F7B2AB426860080160C /* ToDoListViewViewModel.swift */ = {isa = PBXFileReference; lastKnownFileType = sourcecode.swift; path = ToDoListViewViewModel.swift; sourceTree = "<group>"; };
		802D5F7D2AB426B40080160C /* NewItemViewViewModel.swift */ = {isa = PBXFileReference; lastKnownFileType = sourcecode.swift; path = NewItemViewViewModel.swift; sourceTree = "<group>"; };
		802D5F7F2AB426C10080160C /* LoginViewViewModel.swift */ = {isa = PBXFileReference; lastKnownFileType = sourcecode.swift; path = LoginViewViewModel.swift; sourceTree = "<group>"; };
		802D5F812AB426ED0080160C /* RegisterViewViewModel.swift */ = {isa = PBXFileReference; lastKnownFileType = sourcecode.swift; path = RegisterViewViewModel.swift; sourceTree = "<group>"; };
		802D5F852AB4B8930080160C /* HeaderView.swift */ = {isa = PBXFileReference; lastKnownFileType = sourcecode.swift; path = HeaderView.swift; sourceTree = "<group>"; };
		806FCD422AB61BC000403FAE /* GoogleService-Info.plist */ = {isa = PBXFileReference; fileEncoding = 4; lastKnownFileType = text.plist.xml; path = "GoogleService-Info.plist"; sourceTree = "<group>"; };
		806FCD442AB620ED00403FAE /* TLButton.swift */ = {isa = PBXFileReference; lastKnownFileType = sourcecode.swift; path = TLButton.swift; sourceTree = "<group>"; };
		806FCD462AB62B8C00403FAE /* Extensions.swift */ = {isa = PBXFileReference; lastKnownFileType = sourcecode.swift; path = Extensions.swift; sourceTree = "<group>"; };
		806FCD482AB8629900403FAE /* ToDoListItemViewViewModel.swift */ = {isa = PBXFileReference; lastKnownFileType = sourcecode.swift; path = ToDoListItemViewViewModel.swift; sourceTree = "<group>"; };
/* End PBXFileReference section */

/* Begin PBXFrameworksBuildPhase section */
		802D5F422AB30F450080160C /* Frameworks */ = {
			isa = PBXFrameworksBuildPhase;
			buildActionMask = 2147483647;
			files = (
				802D5F5A2AB317050080160C /* FirebaseAuth in Frameworks */,
				802D5F5C2AB317050080160C /* FirebaseFirestore in Frameworks */,
				802D5F5E2AB317050080160C /* FirebaseFirestoreSwift in Frameworks */,
			);
			runOnlyForDeploymentPostprocessing = 0;
		};
/* End PBXFrameworksBuildPhase section */

/* Begin PBXGroup section */
		802D5F3C2AB30F450080160C = {
			isa = PBXGroup;
			children = (
				802D5F472AB30F450080160C /* ToDoList */,
				802D5F462AB30F450080160C /* Products */,
			);
			sourceTree = "<group>";
		};
		802D5F462AB30F450080160C /* Products */ = {
			isa = PBXGroup;
			children = (
				802D5F452AB30F450080160C /* ToDoList.app */,
			);
			name = Products;
			sourceTree = "<group>";
		};
		802D5F472AB30F450080160C /* ToDoList */ = {
			isa = PBXGroup;
			children = (
				802D5F622AB422020080160C /* Other */,
				802D5F612AB421DD0080160C /* Models */,
				802D5F602AB421D20080160C /* ViewModel */,
				802D5F5F2AB421C50080160C /* Views */,
				802D5F4E2AB30F460080160C /* Preview Content */,
			);
			path = ToDoList;
			sourceTree = "<group>";
		};
		802D5F4E2AB30F460080160C /* Preview Content */ = {
			isa = PBXGroup;
			children = (
				802D5F4F2AB30F460080160C /* Preview Assets.xcassets */,
			);
			path = "Preview Content";
			sourceTree = "<group>";
		};
		802D5F5F2AB421C50080160C /* Views */ = {
			isa = PBXGroup;
			children = (
				802D5F4A2AB30F450080160C /* MainView.swift */,
				802D5F672AB424530080160C /* ProfileView.swift */,
				802D5F6D2AB424E90080160C /* LoginView.swift */,
				802D5F6F2AB4252D0080160C /* RegisterView.swift */,
				802D5F6B2AB424DD0080160C /* NewItemView.swift */,
				802D5F692AB4248A0080160C /* ToDoListView.swift */,
				802D5F712AB4256B0080160C /* ToDoListItemView.swift */,
				806FCD442AB620ED00403FAE /* TLButton.swift */,
				802D5F852AB4B8930080160C /* HeaderView.swift */,
			);
			path = Views;
			sourceTree = "<group>";
		};
		802D5F602AB421D20080160C /* ViewModel */ = {
			isa = PBXGroup;
			children = (
				802D5F772AB4265D0080160C /* MainViewViewModel.swift */,
				802D5F792AB426690080160C /* ProfileViewViewModel.swift */,
				802D5F7F2AB426C10080160C /* LoginViewViewModel.swift */,
				802D5F812AB426ED0080160C /* RegisterViewViewModel.swift */,
				802D5F7D2AB426B40080160C /* NewItemViewViewModel.swift */,
				802D5F7B2AB426860080160C /* ToDoListViewViewModel.swift */,
				806FCD482AB8629900403FAE /* ToDoListItemViewViewModel.swift */,
			);
			path = ViewModel;
			sourceTree = "<group>";
		};
		802D5F612AB421DD0080160C /* Models */ = {
			isa = PBXGroup;
			children = (
				802D5F732AB426010080160C /* User.swift */,
				802D5F752AB4260C0080160C /* ToDoListItem.swift */,
			);
			path = Models;
			sourceTree = "<group>";
		};
		802D5F622AB422020080160C /* Other */ = {
			isa = PBXGroup;
			children = (
				806FCD422AB61BC000403FAE /* GoogleService-Info.plist */,
				802D5F4C2AB30F460080160C /* Assets.xcassets */,
				802D5F482AB30F450080160C /* ToDoListApp.swift */,
				806FCD462AB62B8C00403FAE /* Extensions.swift */,
				801D27E12AC569070010393D /* Launch Screen.storyboard */,
			);
			path = Other;
			sourceTree = "<group>";
		};
/* End PBXGroup section */

/* Begin PBXNativeTarget section */
		802D5F442AB30F450080160C /* ToDoList */ = {
			isa = PBXNativeTarget;
			buildConfigurationList = 802D5F532AB30F460080160C /* Build configuration list for PBXNativeTarget "ToDoList" */;
			buildPhases = (
				802D5F412AB30F450080160C /* Sources */,
				802D5F422AB30F450080160C /* Frameworks */,
				802D5F432AB30F450080160C /* Resources */,
			);
			buildRules = (
			);
			dependencies = (
			);
			name = ToDoList;
			packageProductDependencies = (
				802D5F592AB317050080160C /* FirebaseAuth */,
				802D5F5B2AB317050080160C /* FirebaseFirestore */,
				802D5F5D2AB317050080160C /* FirebaseFirestoreSwift */,
			);
			productName = ToDoList;
			productReference = 802D5F452AB30F450080160C /* ToDoList.app */;
			productType = "com.apple.product-type.application";
		};
/* End PBXNativeTarget section */

/* Begin PBXProject section */
		802D5F3D2AB30F450080160C /* Project object */ = {
			isa = PBXProject;
			attributes = {
				BuildIndependentTargetsInParallel = 1;
				LastSwiftUpdateCheck = 1410;
				LastUpgradeCheck = 1410;
				TargetAttributes = {
					802D5F442AB30F450080160C = {
						CreatedOnToolsVersion = 14.1;
					};
				};
			};
			buildConfigurationList = 802D5F402AB30F450080160C /* Build configuration list for PBXProject "ToDoList" */;
			compatibilityVersion = "Xcode 14.0";
			developmentRegion = en;
			hasScannedForEncodings = 0;
			knownRegions = (
				en,
				Base,
			);
			mainGroup = 802D5F3C2AB30F450080160C;
			packageReferences = (
				802D5F582AB317050080160C /* XCRemoteSwiftPackageReference "firebase-ios-sdk" */,
			);
			productRefGroup = 802D5F462AB30F450080160C /* Products */;
			projectDirPath = "";
			projectRoot = "";
			targets = (
				802D5F442AB30F450080160C /* ToDoList */,
			);
		};
/* End PBXProject section */

/* Begin PBXResourcesBuildPhase section */
		802D5F432AB30F450080160C /* Resources */ = {
			isa = PBXResourcesBuildPhase;
			buildActionMask = 2147483647;
			files = (
				802D5F502AB30F460080160C /* Preview Assets.xcassets in Resources */,
				802D5F4D2AB30F460080160C /* Assets.xcassets in Resources */,
				801D27E22AC569070010393D /* Launch Screen.storyboard in Resources */,
				806FCD432AB61BC100403FAE /* GoogleService-Info.plist in Resources */,
			);
			runOnlyForDeploymentPostprocessing = 0;
		};
/* End PBXResourcesBuildPhase section */

/* Begin PBXSourcesBuildPhase section */
		802D5F412AB30F450080160C /* Sources */ = {
			isa = PBXSourcesBuildPhase;
			buildActionMask = 2147483647;
			files = (
				802D5F4B2AB30F450080160C /* MainView.swift in Sources */,
				802D5F862AB4B8930080160C /* HeaderView.swift in Sources */,
				802D5F6A2AB4248A0080160C /* ToDoListView.swift in Sources */,
				802D5F822AB426EE0080160C /* RegisterViewViewModel.swift in Sources */,
				802D5F782AB4265D0080160C /* MainViewViewModel.swift in Sources */,
				802D5F682AB424530080160C /* ProfileView.swift in Sources */,
				802D5F702AB4252E0080160C /* RegisterView.swift in Sources */,
				806FCD492AB8629900403FAE /* ToDoListItemViewViewModel.swift in Sources */,
				806FCD452AB620ED00403FAE /* TLButton.swift in Sources */,
				802D5F7A2AB426690080160C /* ProfileViewViewModel.swift in Sources */,
				802D5F492AB30F450080160C /* ToDoListApp.swift in Sources */,
				802D5F742AB426010080160C /* User.swift in Sources */,
				802D5F722AB4256B0080160C /* ToDoListItemView.swift in Sources */,
				802D5F7C2AB426860080160C /* ToDoListViewViewModel.swift in Sources */,
				802D5F802AB426C10080160C /* LoginViewViewModel.swift in Sources */,
				802D5F6C2AB424DD0080160C /* NewItemView.swift in Sources */,
				806FCD472AB62B8C00403FAE /* Extensions.swift in Sources */,
				802D5F762AB4260C0080160C /* ToDoListItem.swift in Sources */,
				802D5F6E2AB424E90080160C /* LoginView.swift in Sources */,
				802D5F7E2AB426B40080160C /* NewItemViewViewModel.swift in Sources */,
			);
			runOnlyForDeploymentPostprocessing = 0;
		};
/* End PBXSourcesBuildPhase section */

/* Begin XCBuildConfiguration section */
		802D5F512AB30F460080160C /* Debug */ = {
			isa = XCBuildConfiguration;
			buildSettings = {
				ALWAYS_SEARCH_USER_PATHS = NO;
				CLANG_ANALYZER_NONNULL = YES;
				CLANG_ANALYZER_NUMBER_OBJECT_CONVERSION = YES_AGGRESSIVE;
				CLANG_CXX_LANGUAGE_STANDARD = "gnu++20";
				CLANG_ENABLE_MODULES = YES;
				CLANG_ENABLE_OBJC_ARC = YES;
				CLANG_ENABLE_OBJC_WEAK = YES;
				CLANG_WARN_BLOCK_CAPTURE_AUTORELEASING = YES;
				CLANG_WARN_BOOL_CONVERSION = YES;
				CLANG_WARN_COMMA = YES;
				CLANG_WARN_CONSTANT_CONVERSION = YES;
				CLANG_WARN_DEPRECATED_OBJC_IMPLEMENTATIONS = YES;
				CLANG_WARN_DIRECT_OBJC_ISA_USAGE = YES_ERROR;
				CLANG_WARN_DOCUMENTATION_COMMENTS = YES;
				CLANG_WARN_EMPTY_BODY = YES;
				CLANG_WARN_ENUM_CONVERSION = YES;
				CLANG_WARN_INFINITE_RECURSION = YES;
				CLANG_WARN_INT_CONVERSION = YES;
				CLANG_WARN_NON_LITERAL_NULL_CONVERSION = YES;
				CLANG_WARN_OBJC_IMPLICIT_RETAIN_SELF = YES;
				CLANG_WARN_OBJC_LITERAL_CONVERSION = YES;
				CLANG_WARN_OBJC_ROOT_CLASS = YES_ERROR;
				CLANG_WARN_QUOTED_INCLUDE_IN_FRAMEWORK_HEADER = YES;
				CLANG_WARN_RANGE_LOOP_ANALYSIS = YES;
				CLANG_WARN_STRICT_PROTOTYPES = YES;
				CLANG_WARN_SUSPICIOUS_MOVE = YES;
				CLANG_WARN_UNGUARDED_AVAILABILITY = YES_AGGRESSIVE;
				CLANG_WARN_UNREACHABLE_CODE = YES;
				CLANG_WARN__DUPLICATE_METHOD_MATCH = YES;
				COPY_PHASE_STRIP = NO;
				DEBUG_INFORMATION_FORMAT = dwarf;
				ENABLE_STRICT_OBJC_MSGSEND = YES;
				ENABLE_TESTABILITY = YES;
				GCC_C_LANGUAGE_STANDARD = gnu11;
				GCC_DYNAMIC_NO_PIC = NO;
				GCC_NO_COMMON_BLOCKS = YES;
				GCC_OPTIMIZATION_LEVEL = 0;
				GCC_PREPROCESSOR_DEFINITIONS = (
					"DEBUG=1",
					"$(inherited)",
				);
				GCC_WARN_64_TO_32_BIT_CONVERSION = YES;
				GCC_WARN_ABOUT_RETURN_TYPE = YES_ERROR;
				GCC_WARN_UNDECLARED_SELECTOR = YES;
				GCC_WARN_UNINITIALIZED_AUTOS = YES_AGGRESSIVE;
				GCC_WARN_UNUSED_FUNCTION = YES;
				GCC_WARN_UNUSED_VARIABLE = YES;
				IPHONEOS_DEPLOYMENT_TARGET = 16.1;
				MTL_ENABLE_DEBUG_INFO = INCLUDE_SOURCE;
				MTL_FAST_MATH = YES;
				ONLY_ACTIVE_ARCH = YES;
				SDKROOT = iphoneos;
				SWIFT_ACTIVE_COMPILATION_CONDITIONS = DEBUG;
				SWIFT_OPTIMIZATION_LEVEL = "-Onone";
			};
			name = Debug;
		};
		802D5F522AB30F460080160C /* Release */ = {
			isa = XCBuildConfiguration;
			buildSettings = {
				ALWAYS_SEARCH_USER_PATHS = NO;
				CLANG_ANALYZER_NONNULL = YES;
				CLANG_ANALYZER_NUMBER_OBJECT_CONVERSION = YES_AGGRESSIVE;
				CLANG_CXX_LANGUAGE_STANDARD = "gnu++20";
				CLANG_ENABLE_MODULES = YES;
				CLANG_ENABLE_OBJC_ARC = YES;
				CLANG_ENABLE_OBJC_WEAK = YES;
				CLANG_WARN_BLOCK_CAPTURE_AUTORELEASING = YES;
				CLANG_WARN_BOOL_CONVERSION = YES;
				CLANG_WARN_COMMA = YES;
				CLANG_WARN_CONSTANT_CONVERSION = YES;
				CLANG_WARN_DEPRECATED_OBJC_IMPLEMENTATIONS = YES;
				CLANG_WARN_DIRECT_OBJC_ISA_USAGE = YES_ERROR;
				CLANG_WARN_DOCUMENTATION_COMMENTS = YES;
				CLANG_WARN_EMPTY_BODY = YES;
				CLANG_WARN_ENUM_CONVERSION = YES;
				CLANG_WARN_INFINITE_RECURSION = YES;
				CLANG_WARN_INT_CONVERSION = YES;
				CLANG_WARN_NON_LITERAL_NULL_CONVERSION = YES;
				CLANG_WARN_OBJC_IMPLICIT_RETAIN_SELF = YES;
				CLANG_WARN_OBJC_LITERAL_CONVERSION = YES;
				CLANG_WARN_OBJC_ROOT_CLASS = YES_ERROR;
				CLANG_WARN_QUOTED_INCLUDE_IN_FRAMEWORK_HEADER = YES;
				CLANG_WARN_RANGE_LOOP_ANALYSIS = YES;
				CLANG_WARN_STRICT_PROTOTYPES = YES;
				CLANG_WARN_SUSPICIOUS_MOVE = YES;
				CLANG_WARN_UNGUARDED_AVAILABILITY = YES_AGGRESSIVE;
				CLANG_WARN_UNREACHABLE_CODE = YES;
				CLANG_WARN__DUPLICATE_METHOD_MATCH = YES;
				COPY_PHASE_STRIP = NO;
				DEBUG_INFORMATION_FORMAT = "dwarf-with-dsym";
				ENABLE_NS_ASSERTIONS = NO;
				ENABLE_STRICT_OBJC_MSGSEND = YES;
				GCC_C_LANGUAGE_STANDARD = gnu11;
				GCC_NO_COMMON_BLOCKS = YES;
				GCC_WARN_64_TO_32_BIT_CONVERSION = YES;
				GCC_WARN_ABOUT_RETURN_TYPE = YES_ERROR;
				GCC_WARN_UNDECLARED_SELECTOR = YES;
				GCC_WARN_UNINITIALIZED_AUTOS = YES_AGGRESSIVE;
				GCC_WARN_UNUSED_FUNCTION = YES;
				GCC_WARN_UNUSED_VARIABLE = YES;
				IPHONEOS_DEPLOYMENT_TARGET = 16.1;
				MTL_ENABLE_DEBUG_INFO = NO;
				MTL_FAST_MATH = YES;
				SDKROOT = iphoneos;
				SWIFT_COMPILATION_MODE = wholemodule;
				SWIFT_OPTIMIZATION_LEVEL = "-O";
				VALIDATE_PRODUCT = YES;
			};
			name = Release;
		};
		802D5F542AB30F460080160C /* Debug */ = {
			isa = XCBuildConfiguration;
			buildSettings = {
				ASSETCATALOG_COMPILER_APPICON_NAME = AppIcon;
				ASSETCATALOG_COMPILER_GLOBAL_ACCENT_COLOR_NAME = AccentColor;
				CODE_SIGN_STYLE = Automatic;
				CURRENT_PROJECT_VERSION = 1;
				DEVELOPMENT_ASSET_PATHS = "\"ToDoList/Preview Content\"";
				ENABLE_PREVIEWS = YES;
				GENERATE_INFOPLIST_FILE = YES;
				INFOPLIST_KEY_UIApplicationSceneManifest_Generation = YES;
				INFOPLIST_KEY_UIApplicationSupportsIndirectInputEvents = YES;
				INFOPLIST_KEY_UILaunchScreen_Generation = YES;
				INFOPLIST_KEY_UILaunchStoryboardName = "Launch Screen.storyboard";
				INFOPLIST_KEY_UISupportedInterfaceOrientations_iPad = "UIInterfaceOrientationPortrait UIInterfaceOrientationPortraitUpsideDown UIInterfaceOrientationLandscapeLeft UIInterfaceOrientationLandscapeRight";
				INFOPLIST_KEY_UISupportedInterfaceOrientations_iPhone = "UIInterfaceOrientationPortrait UIInterfaceOrientationLandscapeLeft UIInterfaceOrientationLandscapeRight";
				LD_RUNPATH_SEARCH_PATHS = (
					"$(inherited)",
					"@executable_path/Frameworks",
				);
				MARKETING_VERSION = 1.0;
				PRODUCT_BUNDLE_IDENTIFIER = tutor.ToDoList;
				PRODUCT_NAME = "$(TARGET_NAME)";
				SWIFT_EMIT_LOC_STRINGS = YES;
				SWIFT_VERSION = 5.0;
				TARGETED_DEVICE_FAMILY = "1,2";
			};
			name = Debug;
		};
		802D5F552AB30F460080160C /* Release */ = {
			isa = XCBuildConfiguration;
			buildSettings = {
				ASSETCATALOG_COMPILER_APPICON_NAME = AppIcon;
				ASSETCATALOG_COMPILER_GLOBAL_ACCENT_COLOR_NAME = AccentColor;
				CODE_SIGN_STYLE = Automatic;
				CURRENT_PROJECT_VERSION = 1;
				DEVELOPMENT_ASSET_PATHS = "\"ToDoList/Preview Content\"";
				ENABLE_PREVIEWS = YES;
				GENERATE_INFOPLIST_FILE = YES;
				INFOPLIST_KEY_UIApplicationSceneManifest_Generation = YES;
				INFOPLIST_KEY_UIApplicationSupportsIndirectInputEvents = YES;
				INFOPLIST_KEY_UILaunchScreen_Generation = YES;
				INFOPLIST_KEY_UILaunchStoryboardName = "Launch Screen.storyboard";
				INFOPLIST_KEY_UISupportedInterfaceOrientations_iPad = "UIInterfaceOrientationPortrait UIInterfaceOrientationPortraitUpsideDown UIInterfaceOrientationLandscapeLeft UIInterfaceOrientationLandscapeRight";
				INFOPLIST_KEY_UISupportedInterfaceOrientations_iPhone = "UIInterfaceOrientationPortrait UIInterfaceOrientationLandscapeLeft UIInterfaceOrientationLandscapeRight";
				LD_RUNPATH_SEARCH_PATHS = (
					"$(inherited)",
					"@executable_path/Frameworks",
				);
				MARKETING_VERSION = 1.0;
				PRODUCT_BUNDLE_IDENTIFIER = tutor.ToDoList;
				PRODUCT_NAME = "$(TARGET_NAME)";
				SWIFT_EMIT_LOC_STRINGS = YES;
				SWIFT_VERSION = 5.0;
				TARGETED_DEVICE_FAMILY = "1,2";
			};
			name = Release;
		};
/* End XCBuildConfiguration section */

/* Begin XCConfigurationList section */
		802D5F402AB30F450080160C /* Build configuration list for PBXProject "ToDoList" */ = {
			isa = XCConfigurationList;
			buildConfigurations = (
				802D5F512AB30F460080160C /* Debug */,
				802D5F522AB30F460080160C /* Release */,
			);
			defaultConfigurationIsVisible = 0;
			defaultConfigurationName = Release;
		};
		802D5F532AB30F460080160C /* Build configuration list for PBXNativeTarget "ToDoList" */ = {
			isa = XCConfigurationList;
			buildConfigurations = (
				802D5F542AB30F460080160C /* Debug */,
				802D5F552AB30F460080160C /* Release */,
			);
			defaultConfigurationIsVisible = 0;
			defaultConfigurationName = Release;
		};
/* End XCConfigurationList section */

/* Begin XCRemoteSwiftPackageReference section */
		802D5F582AB317050080160C /* XCRemoteSwiftPackageReference "firebase-ios-sdk" */ = {
			isa = XCRemoteSwiftPackageReference;
			repositoryURL = "https://github.com/firebase/firebase-ios-sdk";
			requirement = {
				kind = upToNextMajorVersion;
				minimumVersion = 9.0.0;
			};
		};
/* End XCRemoteSwiftPackageReference section */

/* Begin XCSwiftPackageProductDependency section */
		802D5F592AB317050080160C /* FirebaseAuth */ = {
			isa = XCSwiftPackageProductDependency;
			package = 802D5F582AB317050080160C /* XCRemoteSwiftPackageReference "firebase-ios-sdk" */;
			productName = FirebaseAuth;
		};
		802D5F5B2AB317050080160C /* FirebaseFirestore */ = {
			isa = XCSwiftPackageProductDependency;
			package = 802D5F582AB317050080160C /* XCRemoteSwiftPackageReference "firebase-ios-sdk" */;
			productName = FirebaseFirestore;
		};
		802D5F5D2AB317050080160C /* FirebaseFirestoreSwift */ = {
			isa = XCSwiftPackageProductDependency;
			package = 802D5F582AB317050080160C /* XCRemoteSwiftPackageReference "firebase-ios-sdk" */;
			productName = FirebaseFirestoreSwift;
		};
/* End XCSwiftPackageProductDependency section */
	};
	rootObject = 802D5F3D2AB30F450080160C /* Project object */;
}
